// !$*UTF8*$!
{
	archiveVersion = 1;
	classes = {
	};
	objectVersion = 46;
	objects = {

/* Begin PBXBuildFile section */
		D9DA9E261EA4E7AB00162A52 /* main.m in Sources */ = {isa = PBXBuildFile; fileRef = D9DA9E251EA4E7AB00162A52 /* main.m */; };
		D9DA9E291EA4E7AB00162A52 /* AppDelegate.m in Sources */ = {isa = PBXBuildFile; fileRef = D9DA9E281EA4E7AB00162A52 /* AppDelegate.m */; };
		D9DA9E2C1EA4E7AB00162A52 /* ViewController.m in Sources */ = {isa = PBXBuildFile; fileRef = D9DA9E2B1EA4E7AB00162A52 /* ViewController.m */; };
		D9DA9E2F1EA4E7AB00162A52 /* Main.storyboard in Resources */ = {isa = PBXBuildFile; fileRef = D9DA9E2D1EA4E7AB00162A52 /* Main.storyboard */; };
		D9DA9E311EA4E7AB00162A52 /* Assets.xcassets in Resources */ = {isa = PBXBuildFile; fileRef = D9DA9E301EA4E7AB00162A52 /* Assets.xcassets */; };
		D9DA9E341EA4E7AB00162A52 /* LaunchScreen.storyboard in Resources */ = {isa = PBXBuildFile; fileRef = D9DA9E321EA4E7AB00162A52 /* LaunchScreen.storyboard */; };
		D9DA9E3D1EA4E8F700162A52 /* UIImageView+SDWebImage.m in Sources */ = {isa = PBXBuildFile; fileRef = D9DA9E3C1EA4E8F700162A52 /* UIImageView+SDWebImage.m */; };
		D9DA9E431EA511F100162A52 /* GXFBaseHandler.m in Sources */ = {isa = PBXBuildFile; fileRef = D9DA9E421EA511F100162A52 /* GXFBaseHandler.m */; };
		D9DA9E461EA5135E00162A52 /* NSString+CachePath.m in Sources */ = {isa = PBXBuildFile; fileRef = D9DA9E451EA5135E00162A52 /* NSString+CachePath.m */; };
		D9DA9E491EA5151100162A52 /* UIColor+extension.m in Sources */ = {isa = PBXBuildFile; fileRef = D9DA9E481EA5151100162A52 /* UIColor+extension.m */; };
		FD0668BB87EF097493DE68FC /* libPods-061-- GXFApplication.a in Frameworks */ = {isa = PBXBuildFile; fileRef = D951001D6DAC44FFB33B9A90 /* libPods-061-- GXFApplication.a */; };
/* End PBXBuildFile section */

/* Begin PBXFileReference section */
		4F67E5930E3FDFEBF66447DE /* Pods-061-- GXFApplication.debug.xcconfig */ = {isa = PBXFileReference; includeInIndex = 1; lastKnownFileType = text.xcconfig; name = "Pods-061-- GXFApplication.debug.xcconfig"; path = "Pods/Target Support Files/Pods-061-- GXFApplication/Pods-061-- GXFApplication.debug.xcconfig"; sourceTree = "<group>"; };
		773707F7B87CBDCA7F7BE315 /* Pods-061-- GXFApplication.release.xcconfig */ = {isa = PBXFileReference; includeInIndex = 1; lastKnownFileType = text.xcconfig; name = "Pods-061-- GXFApplication.release.xcconfig"; path = "Pods/Target Support Files/Pods-061-- GXFApplication/Pods-061-- GXFApplication.release.xcconfig"; sourceTree = "<group>"; };
		D951001D6DAC44FFB33B9A90 /* libPods-061-- GXFApplication.a */ = {isa = PBXFileReference; explicitFileType = archive.ar; includeInIndex = 0; path = "libPods-061-- GXFApplication.a"; sourceTree = BUILT_PRODUCTS_DIR; };
		D9DA9E211EA4E7AB00162A52 /* 061-- GXFApplication.app */ = {isa = PBXFileReference; explicitFileType = wrapper.application; includeInIndex = 0; path = "061-- GXFApplication.app"; sourceTree = BUILT_PRODUCTS_DIR; };
		D9DA9E251EA4E7AB00162A52 /* main.m */ = {isa = PBXFileReference; lastKnownFileType = sourcecode.c.objc; path = main.m; sourceTree = "<group>"; };
		D9DA9E271EA4E7AB00162A52 /* AppDelegate.h */ = {isa = PBXFileReference; lastKnownFileType = sourcecode.c.h; path = AppDelegate.h; sourceTree = "<group>"; };
		D9DA9E281EA4E7AB00162A52 /* AppDelegate.m */ = {isa = PBXFileReference; lastKnownFileType = sourcecode.c.objc; path = AppDelegate.m; sourceTree = "<group>"; };
		D9DA9E2A1EA4E7AB00162A52 /* ViewController.h */ = {isa = PBXFileReference; lastKnownFileType = sourcecode.c.h; path = ViewController.h; sourceTree = "<group>"; };
		D9DA9E2B1EA4E7AB00162A52 /* ViewController.m */ = {isa = PBXFileReference; lastKnownFileType = sourcecode.c.objc; path = ViewController.m; sourceTree = "<group>"; };
		D9DA9E2E1EA4E7AB00162A52 /* Base */ = {isa = PBXFileReference; lastKnownFileType = file.storyboard; name = Base; path = Base.lproj/Main.storyboard; sourceTree = "<group>"; };
		D9DA9E301EA4E7AB00162A52 /* Assets.xcassets */ = {isa = PBXFileReference; lastKnownFileType = folder.assetcatalog; path = Assets.xcassets; sourceTree = "<group>"; };
		D9DA9E331EA4E7AB00162A52 /* Base */ = {isa = PBXFileReference; lastKnownFileType = file.storyboard; name = Base; path = Base.lproj/LaunchScreen.storyboard; sourceTree = "<group>"; };
		D9DA9E351EA4E7AB00162A52 /* Info.plist */ = {isa = PBXFileReference; lastKnownFileType = text.plist.xml; path = Info.plist; sourceTree = "<group>"; };
		D9DA9E3B1EA4E8F700162A52 /* UIImageView+SDWebImage.h */ = {isa = PBXFileReference; fileEncoding = 4; lastKnownFileType = sourcecode.c.h; path = "UIImageView+SDWebImage.h"; sourceTree = "<group>"; };
		D9DA9E3C1EA4E8F700162A52 /* UIImageView+SDWebImage.m */ = {isa = PBXFileReference; fileEncoding = 4; lastKnownFileType = sourcecode.c.objc; path = "UIImageView+SDWebImage.m"; sourceTree = "<group>"; };
		D9DA9E411EA511F100162A52 /* GXFBaseHandler.h */ = {isa = PBXFileReference; fileEncoding = 4; lastKnownFileType = sourcecode.c.h; path = GXFBaseHandler.h; sourceTree = "<group>"; };
		D9DA9E421EA511F100162A52 /* GXFBaseHandler.m */ = {isa = PBXFileReference; fileEncoding = 4; lastKnownFileType = sourcecode.c.objc; path = GXFBaseHandler.m; sourceTree = "<group>"; };
		D9DA9E441EA5135E00162A52 /* NSString+CachePath.h */ = {isa = PBXFileReference; fileEncoding = 4; lastKnownFileType = sourcecode.c.h; path = "NSString+CachePath.h"; sourceTree = "<group>"; };
		D9DA9E451EA5135E00162A52 /* NSString+CachePath.m */ = {isa = PBXFileReference; fileEncoding = 4; lastKnownFileType = sourcecode.c.objc; path = "NSString+CachePath.m"; sourceTree = "<group>"; };
		D9DA9E471EA5151100162A52 /* UIColor+extension.h */ = {isa = PBXFileReference; fileEncoding = 4; lastKnownFileType = sourcecode.c.h; path = "UIColor+extension.h"; sourceTree = "<group>"; };
		D9DA9E481EA5151100162A52 /* UIColor+extension.m */ = {isa = PBXFileReference; fileEncoding = 4; lastKnownFileType = sourcecode.c.objc; path = "UIColor+extension.m"; sourceTree = "<group>"; };
/* End PBXFileReference section */

/* Begin PBXFrameworksBuildPhase section */
		D9DA9E1E1EA4E7AB00162A52 /* Frameworks */ = {
			isa = PBXFrameworksBuildPhase;
			buildActionMask = 2147483647;
			files = (
				FD0668BB87EF097493DE68FC /* libPods-061-- GXFApplication.a in Frameworks */,
			);
			runOnlyForDeploymentPostprocessing = 0;
		};
/* End PBXFrameworksBuildPhase section */

/* Begin PBXGroup section */
		21921CB1032D3C7FB221553B /* Pods */ = {
			isa = PBXGroup;
			children = (
				4F67E5930E3FDFEBF66447DE /* Pods-061-- GXFApplication.debug.xcconfig */,
				773707F7B87CBDCA7F7BE315 /* Pods-061-- GXFApplication.release.xcconfig */,
			);
			name = Pods;
			sourceTree = "<group>";
		};
		B6C1585971F31E123140E7AB /* Frameworks */ = {
			isa = PBXGroup;
			children = (
				D951001D6DAC44FFB33B9A90 /* libPods-061-- GXFApplication.a */,
			);
			name = Frameworks;
			sourceTree = "<group>";
		};
		D9DA9E181EA4E7AB00162A52 = {
			isa = PBXGroup;
			children = (
				D9DA9E231EA4E7AB00162A52 /* 061-- GXFApplication */,
				D9DA9E221EA4E7AB00162A52 /* Products */,
				21921CB1032D3C7FB221553B /* Pods */,
				B6C1585971F31E123140E7AB /* Frameworks */,
			);
			sourceTree = "<group>";
		};
		D9DA9E221EA4E7AB00162A52 /* Products */ = {
			isa = PBXGroup;
			children = (
				D9DA9E211EA4E7AB00162A52 /* 061-- GXFApplication.app */,
			);
			name = Products;
			sourceTree = "<group>";
		};
		D9DA9E231EA4E7AB00162A52 /* 061-- GXFApplication */ = {
			isa = PBXGroup;
			children = (
				D9DA9E271EA4E7AB00162A52 /* AppDelegate.h */,
				D9DA9E281EA4E7AB00162A52 /* AppDelegate.m */,
				D9DA9E2A1EA4E7AB00162A52 /* ViewController.h */,
				D9DA9E2B1EA4E7AB00162A52 /* ViewController.m */,
				D9DA9E3B1EA4E8F700162A52 /* UIImageView+SDWebImage.h */,
				D9DA9E3C1EA4E8F700162A52 /* UIImageView+SDWebImage.m */,
				D9DA9E441EA5135E00162A52 /* NSString+CachePath.h */,
				D9DA9E451EA5135E00162A52 /* NSString+CachePath.m */,
				D9DA9E471EA5151100162A52 /* UIColor+extension.h */,
				D9DA9E481EA5151100162A52 /* UIColor+extension.m */,
				D9DA9E411EA511F100162A52 /* GXFBaseHandler.h */,
				D9DA9E421EA511F100162A52 /* GXFBaseHandler.m */,
				D9DA9E2D1EA4E7AB00162A52 /* Main.storyboard */,
				D9DA9E301EA4E7AB00162A52 /* Assets.xcassets */,
				D9DA9E321EA4E7AB00162A52 /* LaunchScreen.storyboard */,
				D9DA9E351EA4E7AB00162A52 /* Info.plist */,
				D9DA9E241EA4E7AB00162A52 /* Supporting Files */,
			);
			path = "061-- GXFApplication";
			sourceTree = "<group>";
		};
		D9DA9E241EA4E7AB00162A52 /* Supporting Files */ = {
			isa = PBXGroup;
			children = (
				D9DA9E251EA4E7AB00162A52 /* main.m */,
			);
			name = "Supporting Files";
			sourceTree = "<group>";
		};
/* End PBXGroup section */

/* Begin PBXNativeTarget section */
		D9DA9E201EA4E7AB00162A52 /* 061-- GXFApplication */ = {
			isa = PBXNativeTarget;
			buildConfigurationList = D9DA9E381EA4E7AB00162A52 /* Build configuration list for PBXNativeTarget "061-- GXFApplication" */;
			buildPhases = (
				CEFFC24A559B0727772F832F /* [CP] Check Pods Manifest.lock */,
				D9DA9E1D1EA4E7AB00162A52 /* Sources */,
				D9DA9E1E1EA4E7AB00162A52 /* Frameworks */,
				D9DA9E1F1EA4E7AB00162A52 /* Resources */,
				107B936256424E17C74C4E50 /* [CP] Embed Pods Frameworks */,
				3D85D476CFE8BFCBB3E88298 /* [CP] Copy Pods Resources */,
			);
			buildRules = (
			);
			dependencies = (
			);
			name = "061-- GXFApplication";
			productName = "061-- GXFApplication";
			productReference = D9DA9E211EA4E7AB00162A52 /* 061-- GXFApplication.app */;
			productType = "com.apple.product-type.application";
		};
/* End PBXNativeTarget section */

/* Begin PBXProject section */
		D9DA9E191EA4E7AB00162A52 /* Project object */ = {
			isa = PBXProject;
			attributes = {
				LastUpgradeCheck = 0820;
				ORGANIZATIONNAME = "顾雪飞";
				TargetAttributes = {
					D9DA9E201EA4E7AB00162A52 = {
						CreatedOnToolsVersion = 8.2.1;
						ProvisioningStyle = Automatic;
					};
				};
			};
			buildConfigurationList = D9DA9E1C1EA4E7AB00162A52 /* Build configuration list for PBXProject "061-- GXFApplication" */;
			compatibilityVersion = "Xcode 3.2";
			developmentRegion = English;
			hasScannedForEncodings = 0;
			knownRegions = (
				en,
				Base,
			);
			mainGroup = D9DA9E181EA4E7AB00162A52;
			productRefGroup = D9DA9E221EA4E7AB00162A52 /* Products */;
			projectDirPath = "";
			projectRoot = "";
			targets = (
				D9DA9E201EA4E7AB00162A52 /* 061-- GXFApplication */,
			);
		};
/* End PBXProject section */

/* Begin PBXResourcesBuildPhase section */
		D9DA9E1F1EA4E7AB00162A52 /* Resources */ = {
			isa = PBXResourcesBuildPhase;
			buildActionMask = 2147483647;
			files = (
				D9DA9E341EA4E7AB00162A52 /* LaunchScreen.storyboard in Resources */,
				D9DA9E311EA4E7AB00162A52 /* Assets.xcassets in Resources */,
				D9DA9E2F1EA4E7AB00162A52 /* Main.storyboard in Resources */,
			);
			runOnlyForDeploymentPostprocessing = 0;
		};
/* End PBXResourcesBuildPhase section */

/* Begin PBXShellScriptBuildPhase section */
		107B936256424E17C74C4E50 /* [CP] Embed Pods Frameworks */ = {
			isa = PBXShellScriptBuildPhase;
			buildActionMask = 2147483647;
			files = (
			);
			inputPaths = (
			);
			name = "[CP] Embed Pods Frameworks";
			outputPaths = (
			);
			runOnlyForDeploymentPostprocessing = 0;
			shellPath = /bin/sh;
			shellScript = "\"${SRCROOT}/Pods/Target Support Files/Pods-061-- GXFApplication/Pods-061-- GXFApplication-frameworks.sh\"\n";
			showEnvVarsInLog = 0;
		};
		3D85D476CFE8BFCBB3E88298 /* [CP] Copy Pods Resources */ = {
			isa = PBXShellScriptBuildPhase;
			buildActionMask = 2147483647;
			files = (
			);
			inputPaths = (
			);
			name = "[CP] Copy Pods Resources";
			outputPaths = (
			);
			runOnlyForDeploymentPostprocessing = 0;
			shellPath = /bin/sh;
			shellScript = "\"${SRCROOT}/Pods/Target Support Files/Pods-061-- GXFApplication/Pods-061-- GXFApplication-resources.sh\"\n";
			showEnvVarsInLog = 0;
		};
		CEFFC24A559B0727772F832F /* [CP] Check Pods Manifest.lock */ = {
			isa = PBXShellScriptBuildPhase;
			buildActionMask = 2147483647;
			files = (
			);
			inputPaths = (
			);
			name = "[CP] Check Pods Manifest.lock";
			outputPaths = (
			);
			runOnlyForDeploymentPostprocessing = 0;
			shellPath = /bin/sh;
			shellScript = "diff \"${PODS_ROOT}/../Podfile.lock\" \"${PODS_ROOT}/Manifest.lock\" > /dev/null\nif [[ $? != 0 ]] ; then\n    cat << EOM\nerror: The sandbox is not in sync with the Podfile.lock. Run 'pod install' or update your CocoaPods installation.\nEOM\n    exit 1\nfi\n";
			showEnvVarsInLog = 0;
		};
/* End PBXShellScriptBuildPhase section */

/* Begin PBXSourcesBuildPhase section */
		D9DA9E1D1EA4E7AB00162A52 /* Sources */ = {
			isa = PBXSourcesBuildPhase;
			buildActionMask = 2147483647;
			files = (
				D9DA9E491EA5151100162A52 /* UIColor+extension.m in Sources */,
				D9DA9E431EA511F100162A52 /* GXFBaseHandler.m in Sources */,
				D9DA9E2C1EA4E7AB00162A52 /* ViewController.m in Sources */,
				D9DA9E291EA4E7AB00162A52 /* AppDelegate.m in Sources */,
				D9DA9E461EA5135E00162A52 /* NSString+CachePath.m in Sources */,
				D9DA9E3D1EA4E8F700162A52 /* UIImageView+SDWebImage.m in Sources */,
				D9DA9E261EA4E7AB00162A52 /* main.m in Sources */,
			);
			runOnlyForDeploymentPostprocessing = 0;
		};
/* End PBXSourcesBuildPhase section */

/* Begin PBXVariantGroup section */
		D9DA9E2D1EA4E7AB00162A52 /* Main.storyboard */ = {
			isa = PBXVariantGroup;
			children = (
				D9DA9E2E1EA4E7AB00162A52 /* Base */,
			);
			name = Main.storyboard;
			sourceTree = "<group>";
		};
		D9DA9E321EA4E7AB00162A52 /* LaunchScreen.storyboard */ = {
			isa = PBXVariantGroup;
			children = (
				D9DA9E331EA4E7AB00162A52 /* Base */,
			);
			name = LaunchScreen.storyboard;
			sourceTree = "<group>";
		};
/* End PBXVariantGroup section */

/* Begin XCBuildConfiguration section */
		D9DA9E361EA4E7AB00162A52 /* Debug */ = {
			isa = XCBuildConfiguration;
			buildSettings = {
				ALWAYS_SEARCH_USER_PATHS = NO;
				CLANG_ANALYZER_NONNULL = YES;
				CLANG_CXX_LANGUAGE_STANDARD = "gnu++0x";
				CLANG_CXX_LIBRARY = "libc++";
				CLANG_ENABLE_MODULES = YES;
				CLANG_ENABLE_OBJC_ARC = YES;
				CLANG_WARN_BOOL_CONVERSION = YES;
				CLANG_WARN_CONSTANT_CONVERSION = YES;
				CLANG_WARN_DIRECT_OBJC_ISA_USAGE = YES_ERROR;
				CLANG_WARN_DOCUMENTATION_COMMENTS = YES;
				CLANG_WARN_EMPTY_BODY = YES;
				CLANG_WARN_ENUM_CONVERSION = YES;
				CLANG_WARN_INFINITE_RECURSION = YES;
				CLANG_WARN_INT_CONVERSION = YES;
				CLANG_WARN_OBJC_ROOT_CLASS = YES_ERROR;
				CLANG_WARN_SUSPICIOUS_MOVE = YES;
				CLANG_WARN_UNREACHABLE_CODE = YES;
				CLANG_WARN__DUPLICATE_METHOD_MATCH = YES;
				"CODE_SIGN_IDENTITY[sdk=iphoneos*]" = "iPhone Developer";
				COPY_PHASE_STRIP = NO;
				DEBUG_INFORMATION_FORMAT = dwarf;
				ENABLE_STRICT_OBJC_MSGSEND = YES;
				ENABLE_TESTABILITY = YES;
				GCC_C_LANGUAGE_STANDARD = gnu99;
				GCC_DYNAMIC_NO_PIC = NO;
				GCC_NO_COMMON_BLOCKS = YES;
				GCC_OPTIMIZATION_LEVEL = 0;
				GCC_PREPROCESSOR_DEFINITIONS = (
					"DEBUG=1",
					"$(inherited)",
				);
				GCC_WARN_64_TO_32_BIT_CONVERSION = YES;
				GCC_WARN_ABOUT_RETURN_TYPE = YES_ERROR;
				GCC_WARN_UNDECLARED_SELECTOR = YES;
				GCC_WARN_UNINITIALIZED_AUTOS = YES_AGGRESSIVE;
				GCC_WARN_UNUSED_FUNCTION = YES;
				GCC_WARN_UNUSED_VARIABLE = YES;
				IPHONEOS_DEPLOYMENT_TARGET = 10.2;
				MTL_ENABLE_DEBUG_INFO = YES;
				ONLY_ACTIVE_ARCH = YES;
				SDKROOT = iphoneos;
			};
			name = Debug;
		};
		D9DA9E371EA4E7AB00162A52 /* Release */ = {
			isa = XCBuildConfiguration;
			buildSettings = {
				ALWAYS_SEARCH_USER_PATHS = NO;
				CLANG_ANALYZER_NONNULL = YES;
				CLANG_CXX_LANGUAGE_STANDARD = "gnu++0x";
				CLANG_CXX_LIBRARY = "libc++";
				CLANG_ENABLE_MODULES = YES;
				CLANG_ENABLE_OBJC_ARC = YES;
				CLANG_WARN_BOOL_CONVERSION = YES;
				CLANG_WARN_CONSTANT_CONVERSION = YES;
				CLANG_WARN_DIRECT_OBJC_ISA_USAGE = YES_ERROR;
				CLANG_WARN_DOCUMENTATION_COMMENTS = YES;
				CLANG_WARN_EMPTY_BODY = YES;
				CLANG_WARN_ENUM_CONVERSION = YES;
				CLANG_WARN_INFINITE_RECURSION = YES;
				CLANG_WARN_INT_CONVERSION = YES;
				CLANG_WARN_OBJC_ROOT_CLASS = YES_ERROR;
				CLANG_WARN_SUSPICIOUS_MOVE = YES;
				CLANG_WARN_UNREACHABLE_CODE = YES;
				CLANG_WARN__DUPLICATE_METHOD_MATCH = YES;
				"CODE_SIGN_IDENTITY[sdk=iphoneos*]" = "iPhone Developer";
				COPY_PHASE_STRIP = NO;
				DEBUG_INFORMATION_FORMAT = "dwarf-with-dsym";
				ENABLE_NS_ASSERTIONS = NO;
				ENABLE_STRICT_OBJC_MSGSEND = YES;
				GCC_C_LANGUAGE_STANDARD = gnu99;
				GCC_NO_COMMON_BLOCKS = YES;
				GCC_WARN_64_TO_32_BIT_CONVERSION = YES;
				GCC_WARN_ABOUT_RETURN_TYPE = YES_ERROR;
				GCC_WARN_UNDECLARED_SELECTOR = YES;
				GCC_WARN_UNINITIALIZED_AUTOS = YES_AGGRESSIVE;
				GCC_WARN_UNUSED_FUNCTION = YES;
				GCC_WARN_UNUSED_VARIABLE = YES;
				IPHONEOS_DEPLOYMENT_TARGET = 10.2;
				MTL_ENABLE_DEBUG_INFO = NO;
				SDKROOT = iphoneos;
				VALIDATE_PRODUCT = YES;
			};
			name = Release;
		};
		D9DA9E391EA4E7AB00162A52 /* Debug */ = {
			isa = XCBuildConfiguration;
			baseConfigurationReference = 4F67E5930E3FDFEBF66447DE /* Pods-061-- GXFApplication.debug.xcconfig */;
			buildSettings = {
				ASSETCATALOG_COMPILER_APPICON_NAME = AppIcon;
				INFOPLIST_FILE = "061-- GXFApplication/Info.plist";
				LD_RUNPATH_SEARCH_PATHS = "$(inherited) @executable_path/Frameworks";
				PRODUCT_BUNDLE_IDENTIFIER = "guxuefei.-61---GXFApplication";
				PRODUCT_NAME = "$(TARGET_NAME)";
			};
			name = Debug;
		};
		D9DA9E3A1EA4E7AB00162A52 /* Release */ = {
			isa = XCBuildConfiguration;
			baseConfigurationReference = 773707F7B87CBDCA7F7BE315 /* Pods-061-- GXFApplication.release.xcconfig */;
			buildSettings = {
				ASSETCATALOG_COMPILER_APPICON_NAME = AppIcon;
				INFOPLIST_FILE = "061-- GXFApplication/Info.plist";
				LD_RUNPATH_SEARCH_PATHS = "$(inherited) @executable_path/Frameworks";
				PRODUCT_BUNDLE_IDENTIFIER = "guxuefei.-61---GXFApplication";
				PRODUCT_NAME = "$(TARGET_NAME)";
			};
			name = Release;
		};
/* End XCBuildConfiguration section */

/* Begin XCConfigurationList section */
		D9DA9E1C1EA4E7AB00162A52 /* Build configuration list for PBXProject "061-- GXFApplication" */ = {
			isa = XCConfigurationList;
			buildConfigurations = (
				D9DA9E361EA4E7AB00162A52 /* Debug */,
				D9DA9E371EA4E7AB00162A52 /* Release */,
			);
			defaultConfigurationIsVisible = 0;
			defaultConfigurationName = Release;
		};
		D9DA9E381EA4E7AB00162A52 /* Build configuration list for PBXNativeTarget "061-- GXFApplication" */ = {
			isa = XCConfigurationList;
			buildConfigurations = (
				D9DA9E391EA4E7AB00162A52 /* Debug */,
				D9DA9E3A1EA4E7AB00162A52 /* Release */,
			);
			defaultConfigurationIsVisible = 0;
			defaultConfigurationName = Release;
		};
/* End XCConfigurationList section */
	};
	rootObject = D9DA9E191EA4E7AB00162A52 /* Project object */;
}
